// !$*UTF8*$!
{
	archiveVersion = 1;
	classes = {
	};
	objectVersion = 50;
	objects = {

/* Begin PBXBuildFile section */
		6F866A2627E3A79161C7A9DA /* Pods_ABProject.framework in Frameworks */ = {isa = PBXBuildFile; fileRef = 1F3F57E5ED3A5E2E8FD545F0 /* Pods_ABProject.framework */; };
		9B3C9E32220081A300AE4C23 /* AppDelegate.swift in Sources */ = {isa = PBXBuildFile; fileRef = 9B3C9E31220081A300AE4C23 /* AppDelegate.swift */; };
		9B3C9E39220081A500AE4C23 /* Assets.xcassets in Resources */ = {isa = PBXBuildFile; fileRef = 9B3C9E38220081A500AE4C23 /* Assets.xcassets */; };
		9B3C9E3C220081A500AE4C23 /* LaunchScreen.storyboard in Resources */ = {isa = PBXBuildFile; fileRef = 9B3C9E3A220081A500AE4C23 /* LaunchScreen.storyboard */; };
		9B3C9E5B22008B0300AE4C23 /* MasterContract.swift in Sources */ = {isa = PBXBuildFile; fileRef = 9B3C9E5A22008B0300AE4C23 /* MasterContract.swift */; };
		9B3C9E5D22008B7300AE4C23 /* MasterCreatorImpl.swift in Sources */ = {isa = PBXBuildFile; fileRef = 9B3C9E5C22008B7300AE4C23 /* MasterCreatorImpl.swift */; };
		9B3C9E602200916600AE4C23 /* MasterPresenterImpl.swift in Sources */ = {isa = PBXBuildFile; fileRef = 9B3C9E5F2200916500AE4C23 /* MasterPresenterImpl.swift */; };
		9B3C9E622200928900AE4C23 /* MasterInteractor.swift in Sources */ = {isa = PBXBuildFile; fileRef = 9B3C9E612200928900AE4C23 /* MasterInteractor.swift */; };
		9B3C9E6622009D1E00AE4C23 /* Router.swift in Sources */ = {isa = PBXBuildFile; fileRef = 9B3C9E6522009D1E00AE4C23 /* Router.swift */; };
		9B51D4F62201E4FC003FCC62 /* GlobalProvider.swift in Sources */ = {isa = PBXBuildFile; fileRef = 9B51D4F52201E4FC003FCC62 /* GlobalProvider.swift */; };
		9B51D4F822020A19003FCC62 /* Coord.swift in Sources */ = {isa = PBXBuildFile; fileRef = 9B51D4F722020A19003FCC62 /* Coord.swift */; };
		9B51D4FA22020A40003FCC62 /* City.swift in Sources */ = {isa = PBXBuildFile; fileRef = 9B51D4F922020A40003FCC62 /* City.swift */; };
		9B51D4FC22020A68003FCC62 /* Cloud.swift in Sources */ = {isa = PBXBuildFile; fileRef = 9B51D4FB22020A68003FCC62 /* Cloud.swift */; };
		9B51D4FE22020A82003FCC62 /* Main.swift in Sources */ = {isa = PBXBuildFile; fileRef = 9B51D4FD22020A82003FCC62 /* Main.swift */; };
		9B51D50022020AA2003FCC62 /* Rain.swift in Sources */ = {isa = PBXBuildFile; fileRef = 9B51D4FF22020AA2003FCC62 /* Rain.swift */; };
		9B51D50222020AC4003FCC62 /* Snow.swift in Sources */ = {isa = PBXBuildFile; fileRef = 9B51D50122020AC4003FCC62 /* Snow.swift */; };
		9B51D50422020AE0003FCC62 /* Sy.swift in Sources */ = {isa = PBXBuildFile; fileRef = 9B51D50322020AE0003FCC62 /* Sy.swift */; };
		9B51D50622020AFB003FCC62 /* Weather.swift in Sources */ = {isa = PBXBuildFile; fileRef = 9B51D50522020AFB003FCC62 /* Weather.swift */; };
		9B51D50822020B14003FCC62 /* Wind.swift in Sources */ = {isa = PBXBuildFile; fileRef = 9B51D50722020B14003FCC62 /* Wind.swift */; };
		9B51D50A22020B36003FCC62 /* List.swift in Sources */ = {isa = PBXBuildFile; fileRef = 9B51D50922020B36003FCC62 /* List.swift */; };
		9B51D50C22020B52003FCC62 /* RootClass.swift in Sources */ = {isa = PBXBuildFile; fileRef = 9B51D50B22020B52003FCC62 /* RootClass.swift */; };
		9B69AD5922018E7500A8A187 /* google-alphabet.jpg in Resources */ = {isa = PBXBuildFile; fileRef = 9B69AD5822018E7500A8A187 /* google-alphabet.jpg */; };
		9B69AD6B220192B600A8A187 /* M.storyboard in Resources */ = {isa = PBXBuildFile; fileRef = 9B69AD6A220192B600A8A187 /* M.storyboard */; };
		9B69AD6D220192EC00A8A187 /* Detail.storyboard in Resources */ = {isa = PBXBuildFile; fileRef = 9B69AD6C220192EC00A8A187 /* Detail.storyboard */; };
		9B69AD71220196E200A8A187 /* MasterViewController.swift in Sources */ = {isa = PBXBuildFile; fileRef = 9B69AD70220196E200A8A187 /* MasterViewController.swift */; };
		9B69AD73220196F500A8A187 /* DetailViewController.swift in Sources */ = {isa = PBXBuildFile; fileRef = 9B69AD72220196F500A8A187 /* DetailViewController.swift */; };
		9B69AD752201981400A8A187 /* DetailContract.swift in Sources */ = {isa = PBXBuildFile; fileRef = 9B69AD742201981400A8A187 /* DetailContract.swift */; };
		9B84DA9B220199C0000DF57A /* DetailPresenterImpl.swift in Sources */ = {isa = PBXBuildFile; fileRef = 9B84DA9A220199C0000DF57A /* DetailPresenterImpl.swift */; };
		9B84DA9E22019A7A000DF57A /* DetailInteractor.swift in Sources */ = {isa = PBXBuildFile; fileRef = 9B84DA9D22019A7A000DF57A /* DetailInteractor.swift */; };
		9B84DAA222019AE5000DF57A /* DetailCreator.swift in Sources */ = {isa = PBXBuildFile; fileRef = 9B84DAA122019AE5000DF57A /* DetailCreator.swift */; };
/* End PBXBuildFile section */

/* Begin PBXFileReference section */
		075717C7F5021F4293E864EE /* Pods-ABProject.release.xcconfig */ = {isa = PBXFileReference; includeInIndex = 1; lastKnownFileType = text.xcconfig; name = "Pods-ABProject.release.xcconfig"; path = "Pods/Target Support Files/Pods-ABProject/Pods-ABProject.release.xcconfig"; sourceTree = "<group>"; };
		1F3F57E5ED3A5E2E8FD545F0 /* Pods_ABProject.framework */ = {isa = PBXFileReference; explicitFileType = wrapper.framework; includeInIndex = 0; path = Pods_ABProject.framework; sourceTree = BUILT_PRODUCTS_DIR; };
		304DDC297A5614A8EC5F43BA /* Pods-ABProject.debug.xcconfig */ = {isa = PBXFileReference; includeInIndex = 1; lastKnownFileType = text.xcconfig; name = "Pods-ABProject.debug.xcconfig"; path = "Pods/Target Support Files/Pods-ABProject/Pods-ABProject.debug.xcconfig"; sourceTree = "<group>"; };
		9B3C9E2E220081A300AE4C23 /* ABProject.app */ = {isa = PBXFileReference; explicitFileType = wrapper.application; includeInIndex = 0; path = ABProject.app; sourceTree = BUILT_PRODUCTS_DIR; };
		9B3C9E31220081A300AE4C23 /* AppDelegate.swift */ = {isa = PBXFileReference; lastKnownFileType = sourcecode.swift; path = AppDelegate.swift; sourceTree = "<group>"; };
		9B3C9E38220081A500AE4C23 /* Assets.xcassets */ = {isa = PBXFileReference; lastKnownFileType = folder.assetcatalog; path = Assets.xcassets; sourceTree = "<group>"; };
		9B3C9E3B220081A500AE4C23 /* Base */ = {isa = PBXFileReference; lastKnownFileType = file.storyboard; name = Base; path = Base.lproj/LaunchScreen.storyboard; sourceTree = "<group>"; };
		9B3C9E3D220081A500AE4C23 /* Info.plist */ = {isa = PBXFileReference; lastKnownFileType = text.plist.xml; path = Info.plist; sourceTree = "<group>"; };
		9B3C9E5A22008B0300AE4C23 /* MasterContract.swift */ = {isa = PBXFileReference; lastKnownFileType = sourcecode.swift; path = MasterContract.swift; sourceTree = "<group>"; };
		9B3C9E5C22008B7300AE4C23 /* MasterCreatorImpl.swift */ = {isa = PBXFileReference; lastKnownFileType = sourcecode.swift; path = MasterCreatorImpl.swift; sourceTree = "<group>"; };
		9B3C9E5F2200916500AE4C23 /* MasterPresenterImpl.swift */ = {isa = PBXFileReference; lastKnownFileType = sourcecode.swift; path = MasterPresenterImpl.swift; sourceTree = "<group>"; };
		9B3C9E612200928900AE4C23 /* MasterInteractor.swift */ = {isa = PBXFileReference; lastKnownFileType = sourcecode.swift; path = MasterInteractor.swift; sourceTree = "<group>"; };
		9B3C9E6522009D1E00AE4C23 /* Router.swift */ = {isa = PBXFileReference; lastKnownFileType = sourcecode.swift; path = Router.swift; sourceTree = "<group>"; };
		9B51D4F52201E4FC003FCC62 /* GlobalProvider.swift */ = {isa = PBXFileReference; lastKnownFileType = sourcecode.swift; path = GlobalProvider.swift; sourceTree = "<group>"; };
		9B51D4F722020A19003FCC62 /* Coord.swift */ = {isa = PBXFileReference; lastKnownFileType = sourcecode.swift; path = Coord.swift; sourceTree = "<group>"; };
		9B51D4F922020A40003FCC62 /* City.swift */ = {isa = PBXFileReference; lastKnownFileType = sourcecode.swift; path = City.swift; sourceTree = "<group>"; };
		9B51D4FB22020A68003FCC62 /* Cloud.swift */ = {isa = PBXFileReference; lastKnownFileType = sourcecode.swift; path = Cloud.swift; sourceTree = "<group>"; };
		9B51D4FD22020A82003FCC62 /* Main.swift */ = {isa = PBXFileReference; lastKnownFileType = sourcecode.swift; path = Main.swift; sourceTree = "<group>"; };
		9B51D4FF22020AA2003FCC62 /* Rain.swift */ = {isa = PBXFileReference; lastKnownFileType = sourcecode.swift; path = Rain.swift; sourceTree = "<group>"; };
		9B51D50122020AC4003FCC62 /* Snow.swift */ = {isa = PBXFileReference; lastKnownFileType = sourcecode.swift; path = Snow.swift; sourceTree = "<group>"; };
		9B51D50322020AE0003FCC62 /* Sy.swift */ = {isa = PBXFileReference; lastKnownFileType = sourcecode.swift; path = Sy.swift; sourceTree = "<group>"; };
		9B51D50522020AFB003FCC62 /* Weather.swift */ = {isa = PBXFileReference; lastKnownFileType = sourcecode.swift; path = Weather.swift; sourceTree = "<group>"; };
		9B51D50722020B14003FCC62 /* Wind.swift */ = {isa = PBXFileReference; lastKnownFileType = sourcecode.swift; path = Wind.swift; sourceTree = "<group>"; };
		9B51D50922020B36003FCC62 /* List.swift */ = {isa = PBXFileReference; lastKnownFileType = sourcecode.swift; path = List.swift; sourceTree = "<group>"; };
		9B51D50B22020B52003FCC62 /* RootClass.swift */ = {isa = PBXFileReference; lastKnownFileType = sourcecode.swift; path = RootClass.swift; sourceTree = "<group>"; };
		9B69AD5822018E7500A8A187 /* google-alphabet.jpg */ = {isa = PBXFileReference; lastKnownFileType = image.jpeg; name = "google-alphabet.jpg"; path = "../../../Downloads/google-alphabet.jpg"; sourceTree = "<group>"; };
		9B69AD6A220192B600A8A187 /* M.storyboard */ = {isa = PBXFileReference; lastKnownFileType = file.storyboard; path = M.storyboard; sourceTree = "<group>"; };
		9B69AD6C220192EC00A8A187 /* Detail.storyboard */ = {isa = PBXFileReference; lastKnownFileType = file.storyboard; path = Detail.storyboard; sourceTree = "<group>"; };
		9B69AD70220196E200A8A187 /* MasterViewController.swift */ = {isa = PBXFileReference; lastKnownFileType = sourcecode.swift; path = MasterViewController.swift; sourceTree = "<group>"; };
		9B69AD72220196F500A8A187 /* DetailViewController.swift */ = {isa = PBXFileReference; lastKnownFileType = sourcecode.swift; path = DetailViewController.swift; sourceTree = "<group>"; };
		9B69AD742201981400A8A187 /* DetailContract.swift */ = {isa = PBXFileReference; lastKnownFileType = sourcecode.swift; path = DetailContract.swift; sourceTree = "<group>"; };
		9B84DA9A220199C0000DF57A /* DetailPresenterImpl.swift */ = {isa = PBXFileReference; lastKnownFileType = sourcecode.swift; path = DetailPresenterImpl.swift; sourceTree = "<group>"; };
		9B84DA9D22019A7A000DF57A /* DetailInteractor.swift */ = {isa = PBXFileReference; lastKnownFileType = sourcecode.swift; path = DetailInteractor.swift; sourceTree = "<group>"; };
		9B84DAA122019AE5000DF57A /* DetailCreator.swift */ = {isa = PBXFileReference; lastKnownFileType = sourcecode.swift; path = DetailCreator.swift; sourceTree = "<group>"; };
/* End PBXFileReference section */

/* Begin PBXFrameworksBuildPhase section */
		9B3C9E2B220081A300AE4C23 /* Frameworks */ = {
			isa = PBXFrameworksBuildPhase;
			buildActionMask = 2147483647;
			files = (
				6F866A2627E3A79161C7A9DA /* Pods_ABProject.framework in Frameworks */,
			);
			runOnlyForDeploymentPostprocessing = 0;
		};
/* End PBXFrameworksBuildPhase section */

/* Begin PBXGroup section */
		67327F13B1C7F76E8C19C6F1 /* Frameworks */ = {
			isa = PBXGroup;
			children = (
				1F3F57E5ED3A5E2E8FD545F0 /* Pods_ABProject.framework */,
			);
			name = Frameworks;
			sourceTree = "<group>";
		};
		9B3C9E25220081A300AE4C23 = {
			isa = PBXGroup;
			children = (
				9B3C9E30220081A300AE4C23 /* ABProject */,
				9B3C9E2F220081A300AE4C23 /* Products */,
				DA34CF0BAC97B73B3E4882DF /* Pods */,
				67327F13B1C7F76E8C19C6F1 /* Frameworks */,
			);
			sourceTree = "<group>";
		};
		9B3C9E2F220081A300AE4C23 /* Products */ = {
			isa = PBXGroup;
			children = (
				9B3C9E2E220081A300AE4C23 /* ABProject.app */,
			);
			name = Products;
			sourceTree = "<group>";
		};
		9B3C9E30220081A300AE4C23 /* ABProject */ = {
			isa = PBXGroup;
			children = (
				9B3C9E452200827400AE4C23 /* Application */,
				9B3C9E46220082E900AE4C23 /* Models */,
				9B3C9E492200834C00AE4C23 /* Modules */,
				9B3C9E5E22008EF700AE4C23 /* Router */,
				9B51D4F42201E494003FCC62 /* Providers */,
				9B3C9E38220081A500AE4C23 /* Assets.xcassets */,
				9B69AD5822018E7500A8A187 /* google-alphabet.jpg */,
				9B3C9E3A220081A500AE4C23 /* LaunchScreen.storyboard */,
				9B3C9E3D220081A500AE4C23 /* Info.plist */,
			);
			path = ABProject;
			sourceTree = "<group>";
		};
		9B3C9E452200827400AE4C23 /* Application */ = {
			isa = PBXGroup;
			children = (
				9B3C9E31220081A300AE4C23 /* AppDelegate.swift */,
			);
			path = Application;
			sourceTree = "<group>";
		};
		9B3C9E46220082E900AE4C23 /* Models */ = {
			isa = PBXGroup;
			children = (
				9B51D50D22020B66003FCC62 /* weather */,
			);
			path = Models;
			sourceTree = "<group>";
		};
		9B3C9E492200834C00AE4C23 /* Modules */ = {
			isa = PBXGroup;
			children = (
				9B69AD5A22018FED00A8A187 /* Detail */,
				9B3C9E54220085C200AE4C23 /* Master */,
			);
			path = Modules;
			sourceTree = "<group>";
		};
		9B3C9E54220085C200AE4C23 /* Master */ = {
			isa = PBXGroup;
			children = (
				9B3C9E55220086EA00AE4C23 /* Creator */,
				9B3C9E59220086F500AE4C23 /* Presenter */,
				9B3C9E58220086F500AE4C23 /* Interactor */,
				9B3C9E56220086F400AE4C23 /* View */,
				9B3C9E57220086F400AE4C23 /* Contract */,
			);
			path = Master;
			sourceTree = "<group>";
		};
		9B3C9E55220086EA00AE4C23 /* Creator */ = {
			isa = PBXGroup;
			children = (
				9B3C9E5C22008B7300AE4C23 /* MasterCreatorImpl.swift */,
			);
			path = Creator;
			sourceTree = "<group>";
		};
		9B3C9E56220086F400AE4C23 /* View */ = {
			isa = PBXGroup;
			children = (
				9B69AD6A220192B600A8A187 /* M.storyboard */,
				9B69AD70220196E200A8A187 /* MasterViewController.swift */,
			);
			name = View;
			path = ../Detail/View;
			sourceTree = "<group>";
		};
		9B3C9E57220086F400AE4C23 /* Contract */ = {
			isa = PBXGroup;
			children = (
				9B3C9E5A22008B0300AE4C23 /* MasterContract.swift */,
			);
			path = Contract;
			sourceTree = "<group>";
		};
		9B3C9E58220086F500AE4C23 /* Interactor */ = {
			isa = PBXGroup;
			children = (
				9B3C9E612200928900AE4C23 /* MasterInteractor.swift */,
			);
			path = Interactor;
			sourceTree = "<group>";
		};
		9B3C9E59220086F500AE4C23 /* Presenter */ = {
			isa = PBXGroup;
			children = (
				9B3C9E5F2200916500AE4C23 /* MasterPresenterImpl.swift */,
			);
			path = Presenter;
			sourceTree = "<group>";
		};
		9B3C9E5E22008EF700AE4C23 /* Router */ = {
			isa = PBXGroup;
			children = (
				9B3C9E6522009D1E00AE4C23 /* Router.swift */,
			);
			path = Router;
			sourceTree = "<group>";
		};
		9B51D4F42201E494003FCC62 /* Providers */ = {
			isa = PBXGroup;
			children = (
				9B51D4F52201E4FC003FCC62 /* GlobalProvider.swift */,
			);
			path = Providers;
			sourceTree = "<group>";
		};
		9B51D50D22020B66003FCC62 /* weather */ = {
			isa = PBXGroup;
			children = (
				9B51D4F722020A19003FCC62 /* Coord.swift */,
				9B51D4F922020A40003FCC62 /* City.swift */,
				9B51D4FB22020A68003FCC62 /* Cloud.swift */,
				9B51D4FD22020A82003FCC62 /* Main.swift */,
				9B51D4FF22020AA2003FCC62 /* Rain.swift */,
				9B51D50122020AC4003FCC62 /* Snow.swift */,
				9B51D50322020AE0003FCC62 /* Sy.swift */,
				9B51D50522020AFB003FCC62 /* Weather.swift */,
				9B51D50722020B14003FCC62 /* Wind.swift */,
				9B51D50922020B36003FCC62 /* List.swift */,
				9B51D50B22020B52003FCC62 /* RootClass.swift */,
			);
			path = weather;
			sourceTree = "<group>";
		};
		9B69AD5A22018FED00A8A187 /* Detail */ = {
			isa = PBXGroup;
			children = (
				9B84DA9F22019AC0000DF57A /* Creator */,
				9B84DA9C22019A48000DF57A /* Interactor */,
				9B69AD762201990E00A8A187 /* Presenter */,
				9B69AD66220190FD00A8A187 /* View */,
				9B69AD6E2201965900A8A187 /* Contract */,
			);
			path = Detail;
			sourceTree = "<group>";
		};
		9B69AD66220190FD00A8A187 /* View */ = {
			isa = PBXGroup;
			children = (
				9B69AD6C220192EC00A8A187 /* Detail.storyboard */,
				9B69AD72220196F500A8A187 /* DetailViewController.swift */,
			);
			path = View;
			sourceTree = "<group>";
		};
		9B69AD6E2201965900A8A187 /* Contract */ = {
			isa = PBXGroup;
			children = (
				9B69AD742201981400A8A187 /* DetailContract.swift */,
			);
			path = Contract;
			sourceTree = "<group>";
		};
		9B69AD762201990E00A8A187 /* Presenter */ = {
			isa = PBXGroup;
			children = (
				9B84DA9A220199C0000DF57A /* DetailPresenterImpl.swift */,
			);
			path = Presenter;
			sourceTree = "<group>";
		};
		9B84DA9C22019A48000DF57A /* Interactor */ = {
			isa = PBXGroup;
			children = (
				9B84DA9D22019A7A000DF57A /* DetailInteractor.swift */,
			);
			path = Interactor;
			sourceTree = "<group>";
		};
		9B84DA9F22019AC0000DF57A /* Creator */ = {
			isa = PBXGroup;
			children = (
				9B84DAA122019AE5000DF57A /* DetailCreator.swift */,
			);
			path = Creator;
			sourceTree = "<group>";
		};
		DA34CF0BAC97B73B3E4882DF /* Pods */ = {
			isa = PBXGroup;
			children = (
				304DDC297A5614A8EC5F43BA /* Pods-ABProject.debug.xcconfig */,
				075717C7F5021F4293E864EE /* Pods-ABProject.release.xcconfig */,
			);
			name = Pods;
			sourceTree = "<group>";
		};
/* End PBXGroup section */

/* Begin PBXNativeTarget section */
		9B3C9E2D220081A300AE4C23 /* ABProject */ = {
			isa = PBXNativeTarget;
			buildConfigurationList = 9B3C9E40220081A500AE4C23 /* Build configuration list for PBXNativeTarget "ABProject" */;
			buildPhases = (
				75FBA3C2DD0AF11163AAE96A /* [CP] Check Pods Manifest.lock */,
				9B3C9E2A220081A300AE4C23 /* Sources */,
				9B3C9E2B220081A300AE4C23 /* Frameworks */,
				9B3C9E2C220081A300AE4C23 /* Resources */,
				9640AAC73185C9C4624DF0C5 /* [CP] Embed Pods Frameworks */,
			);
			buildRules = (
			);
			dependencies = (
			);
			name = ABProject;
			productName = ABProject;
			productReference = 9B3C9E2E220081A300AE4C23 /* ABProject.app */;
			productType = "com.apple.product-type.application";
		};
/* End PBXNativeTarget section */

/* Begin PBXProject section */
		9B3C9E26220081A300AE4C23 /* Project object */ = {
			isa = PBXProject;
			attributes = {
				LastSwiftUpdateCheck = 1010;
				LastUpgradeCheck = 1010;
				ORGANIZATIONNAME = Eddson;
				TargetAttributes = {
					9B3C9E2D220081A300AE4C23 = {
						CreatedOnToolsVersion = 10.1;
					};
				};
			};
			buildConfigurationList = 9B3C9E29220081A300AE4C23 /* Build configuration list for PBXProject "ABProject" */;
			compatibilityVersion = "Xcode 9.3";
			developmentRegion = en;
			hasScannedForEncodings = 0;
			knownRegions = (
				en,
				Base,
			);
			mainGroup = 9B3C9E25220081A300AE4C23;
			productRefGroup = 9B3C9E2F220081A300AE4C23 /* Products */;
			projectDirPath = "";
			projectRoot = "";
			targets = (
				9B3C9E2D220081A300AE4C23 /* ABProject */,
			);
		};
/* End PBXProject section */

/* Begin PBXResourcesBuildPhase section */
		9B3C9E2C220081A300AE4C23 /* Resources */ = {
			isa = PBXResourcesBuildPhase;
			buildActionMask = 2147483647;
			files = (
				9B3C9E3C220081A500AE4C23 /* LaunchScreen.storyboard in Resources */,
				9B69AD6B220192B600A8A187 /* M.storyboard in Resources */,
				9B69AD5922018E7500A8A187 /* google-alphabet.jpg in Resources */,
				9B69AD6D220192EC00A8A187 /* Detail.storyboard in Resources */,
				9B3C9E39220081A500AE4C23 /* Assets.xcassets in Resources */,
			);
			runOnlyForDeploymentPostprocessing = 0;
		};
/* End PBXResourcesBuildPhase section */

/* Begin PBXShellScriptBuildPhase section */
		75FBA3C2DD0AF11163AAE96A /* [CP] Check Pods Manifest.lock */ = {
			isa = PBXShellScriptBuildPhase;
			buildActionMask = 2147483647;
			files = (
			);
			inputFileListPaths = (
			);
			inputPaths = (
				"${PODS_PODFILE_DIR_PATH}/Podfile.lock",
				"${PODS_ROOT}/Manifest.lock",
			);
			name = "[CP] Check Pods Manifest.lock";
			outputFileListPaths = (
			);
			outputPaths = (
				"$(DERIVED_FILE_DIR)/Pods-ABProject-checkManifestLockResult.txt",
			);
			runOnlyForDeploymentPostprocessing = 0;
			shellPath = /bin/sh;
			shellScript = "diff \"${PODS_PODFILE_DIR_PATH}/Podfile.lock\" \"${PODS_ROOT}/Manifest.lock\" > /dev/null\nif [ $? != 0 ] ; then\n    # print error to STDERR\n    echo \"error: The sandbox is not in sync with the Podfile.lock. Run 'pod install' or update your CocoaPods installation.\" >&2\n    exit 1\nfi\n# This output is used by Xcode 'outputs' to avoid re-running this script phase.\necho \"SUCCESS\" > \"${SCRIPT_OUTPUT_FILE_0}\"\n";
			showEnvVarsInLog = 0;
		};
		9640AAC73185C9C4624DF0C5 /* [CP] Embed Pods Frameworks */ = {
			isa = PBXShellScriptBuildPhase;
			buildActionMask = 2147483647;
			files = (
			);
			inputFileListPaths = (
			);
			inputPaths = (
				"${SRCROOT}/Pods/Target Support Files/Pods-ABProject/Pods-ABProject-frameworks.sh",
				"${BUILT_PRODUCTS_DIR}/Alamofire/Alamofire.framework",
				"${BUILT_PRODUCTS_DIR}/AlamofireObjectMapper/AlamofireObjectMapper.framework",
				"${BUILT_PRODUCTS_DIR}/ObjectMapper/ObjectMapper.framework",
				"${BUILT_PRODUCTS_DIR}/RxAtomic/RxAtomic.framework",
				"${BUILT_PRODUCTS_DIR}/RxCocoa/RxCocoa.framework",
				"${BUILT_PRODUCTS_DIR}/RxSwift/RxSwift.framework",
			);
			name = "[CP] Embed Pods Frameworks";
			outputFileListPaths = (
			);
			outputPaths = (
				"${TARGET_BUILD_DIR}/${FRAMEWORKS_FOLDER_PATH}/Alamofire.framework",
				"${TARGET_BUILD_DIR}/${FRAMEWORKS_FOLDER_PATH}/AlamofireObjectMapper.framework",
				"${TARGET_BUILD_DIR}/${FRAMEWORKS_FOLDER_PATH}/ObjectMapper.framework",
				"${TARGET_BUILD_DIR}/${FRAMEWORKS_FOLDER_PATH}/RxAtomic.framework",
				"${TARGET_BUILD_DIR}/${FRAMEWORKS_FOLDER_PATH}/RxCocoa.framework",
				"${TARGET_BUILD_DIR}/${FRAMEWORKS_FOLDER_PATH}/RxSwift.framework",
			);
			runOnlyForDeploymentPostprocessing = 0;
			shellPath = /bin/sh;
			shellScript = "\"${SRCROOT}/Pods/Target Support Files/Pods-ABProject/Pods-ABProject-frameworks.sh\"\n";
			showEnvVarsInLog = 0;
		};
/* End PBXShellScriptBuildPhase section */

/* Begin PBXSourcesBuildPhase section */
		9B3C9E2A220081A300AE4C23 /* Sources */ = {
			isa = PBXSourcesBuildPhase;
			buildActionMask = 2147483647;
			files = (
				9B3C9E602200916600AE4C23 /* MasterPresenterImpl.swift in Sources */,
				9B51D50222020AC4003FCC62 /* Snow.swift in Sources */,
				9B69AD752201981400A8A187 /* DetailContract.swift in Sources */,
				9B51D50422020AE0003FCC62 /* Sy.swift in Sources */,
				9B51D50C22020B52003FCC62 /* RootClass.swift in Sources */,
				9B3C9E5B22008B0300AE4C23 /* MasterContract.swift in Sources */,
				9B3C9E6622009D1E00AE4C23 /* Router.swift in Sources */,
				9B84DAA222019AE5000DF57A /* DetailCreator.swift in Sources */,
				9B51D4FE22020A82003FCC62 /* Main.swift in Sources */,
				9B3C9E5D22008B7300AE4C23 /* MasterCreatorImpl.swift in Sources */,
				9B3C9E32220081A300AE4C23 /* AppDelegate.swift in Sources */,
				9B51D4F822020A19003FCC62 /* Coord.swift in Sources */,
				9B84DA9E22019A7A000DF57A /* DetailInteractor.swift in Sources */,
				9B69AD73220196F500A8A187 /* DetailViewController.swift in Sources */,
				9B51D50622020AFB003FCC62 /* Weather.swift in Sources */,
				9B51D4F62201E4FC003FCC62 /* GlobalProvider.swift in Sources */,
				9B51D50822020B14003FCC62 /* Wind.swift in Sources */,
				9B51D4FA22020A40003FCC62 /* City.swift in Sources */,
				9B84DA9B220199C0000DF57A /* DetailPresenterImpl.swift in Sources */,
				9B51D4FC22020A68003FCC62 /* Cloud.swift in Sources */,
				9B51D50022020AA2003FCC62 /* Rain.swift in Sources */,
				9B69AD71220196E200A8A187 /* MasterViewController.swift in Sources */,
				9B51D50A22020B36003FCC62 /* List.swift in Sources */,
				9B3C9E622200928900AE4C23 /* MasterInteractor.swift in Sources */,
			);
			runOnlyForDeploymentPostprocessing = 0;
		};
/* End PBXSourcesBuildPhase section */

/* Begin PBXVariantGroup section */
		9B3C9E3A220081A500AE4C23 /* LaunchScreen.storyboard */ = {
			isa = PBXVariantGroup;
			children = (
				9B3C9E3B220081A500AE4C23 /* Base */,
			);
			name = LaunchScreen.storyboard;
			sourceTree = "<group>";
		};
/* End PBXVariantGroup section */

/* Begin XCBuildConfiguration section */
		9B3C9E3E220081A500AE4C23 /* Debug */ = {
			isa = XCBuildConfiguration;
			buildSettings = {
				ALWAYS_SEARCH_USER_PATHS = NO;
				CLANG_ANALYZER_NONNULL = YES;
				CLANG_ANALYZER_NUMBER_OBJECT_CONVERSION = YES_AGGRESSIVE;
				CLANG_CXX_LANGUAGE_STANDARD = "gnu++14";
				CLANG_CXX_LIBRARY = "libc++";
				CLANG_ENABLE_MODULES = YES;
				CLANG_ENABLE_OBJC_ARC = YES;
				CLANG_ENABLE_OBJC_WEAK = YES;
				CLANG_WARN_BLOCK_CAPTURE_AUTORELEASING = YES;
				CLANG_WARN_BOOL_CONVERSION = YES;
				CLANG_WARN_COMMA = YES;
				CLANG_WARN_CONSTANT_CONVERSION = YES;
				CLANG_WARN_DEPRECATED_OBJC_IMPLEMENTATIONS = YES;
				CLANG_WARN_DIRECT_OBJC_ISA_USAGE = YES_ERROR;
				CLANG_WARN_DOCUMENTATION_COMMENTS = YES;
				CLANG_WARN_EMPTY_BODY = YES;
				CLANG_WARN_ENUM_CONVERSION = YES;
				CLANG_WARN_INFINITE_RECURSION = YES;
				CLANG_WARN_INT_CONVERSION = YES;
				CLANG_WARN_NON_LITERAL_NULL_CONVERSION = YES;
				CLANG_WARN_OBJC_IMPLICIT_RETAIN_SELF = YES;
				CLANG_WARN_OBJC_LITERAL_CONVERSION = YES;
				CLANG_WARN_OBJC_ROOT_CLASS = YES_ERROR;
				CLANG_WARN_RANGE_LOOP_ANALYSIS = YES;
				CLANG_WARN_STRICT_PROTOTYPES = YES;
				CLANG_WARN_SUSPICIOUS_MOVE = YES;
				CLANG_WARN_UNGUARDED_AVAILABILITY = YES_AGGRESSIVE;
				CLANG_WARN_UNREACHABLE_CODE = YES;
				CLANG_WARN__DUPLICATE_METHOD_MATCH = YES;
				CODE_SIGN_IDENTITY = "iPhone Developer";
				COPY_PHASE_STRIP = NO;
				DEBUG_INFORMATION_FORMAT = dwarf;
				ENABLE_STRICT_OBJC_MSGSEND = YES;
				ENABLE_TESTABILITY = YES;
				GCC_C_LANGUAGE_STANDARD = gnu11;
				GCC_DYNAMIC_NO_PIC = NO;
				GCC_NO_COMMON_BLOCKS = YES;
				GCC_OPTIMIZATION_LEVEL = 0;
				GCC_PREPROCESSOR_DEFINITIONS = (
					"DEBUG=1",
					"$(inherited)",
				);
				GCC_WARN_64_TO_32_BIT_CONVERSION = YES;
				GCC_WARN_ABOUT_RETURN_TYPE = YES_ERROR;
				GCC_WARN_UNDECLARED_SELECTOR = YES;
				GCC_WARN_UNINITIALIZED_AUTOS = YES_AGGRESSIVE;
				GCC_WARN_UNUSED_FUNCTION = YES;
				GCC_WARN_UNUSED_VARIABLE = YES;
				IPHONEOS_DEPLOYMENT_TARGET = 12.1;
				MTL_ENABLE_DEBUG_INFO = INCLUDE_SOURCE;
				MTL_FAST_MATH = YES;
				ONLY_ACTIVE_ARCH = YES;
				SDKROOT = iphoneos;
				SWIFT_ACTIVE_COMPILATION_CONDITIONS = DEBUG;
				SWIFT_OPTIMIZATION_LEVEL = "-Onone";
			};
			name = Debug;
		};
		9B3C9E3F220081A500AE4C23 /* Release */ = {
			isa = XCBuildConfiguration;
			buildSettings = {
				ALWAYS_SEARCH_USER_PATHS = NO;
				CLANG_ANALYZER_NONNULL = YES;
				CLANG_ANALYZER_NUMBER_OBJECT_CONVERSION = YES_AGGRESSIVE;
				CLANG_CXX_LANGUAGE_STANDARD = "gnu++14";
				CLANG_CXX_LIBRARY = "libc++";
				CLANG_ENABLE_MODULES = YES;
				CLANG_ENABLE_OBJC_ARC = YES;
				CLANG_ENABLE_OBJC_WEAK = YES;
				CLANG_WARN_BLOCK_CAPTURE_AUTORELEASING = YES;
				CLANG_WARN_BOOL_CONVERSION = YES;
				CLANG_WARN_COMMA = YES;
				CLANG_WARN_CONSTANT_CONVERSION = YES;
				CLANG_WARN_DEPRECATED_OBJC_IMPLEMENTATIONS = YES;
				CLANG_WARN_DIRECT_OBJC_ISA_USAGE = YES_ERROR;
				CLANG_WARN_DOCUMENTATION_COMMENTS = YES;
				CLANG_WARN_EMPTY_BODY = YES;
				CLANG_WARN_ENUM_CONVERSION = YES;
				CLANG_WARN_INFINITE_RECURSION = YES;
				CLANG_WARN_INT_CONVERSION = YES;
				CLANG_WARN_NON_LITERAL_NULL_CONVERSION = YES;
				CLANG_WARN_OBJC_IMPLICIT_RETAIN_SELF = YES;
				CLANG_WARN_OBJC_LITERAL_CONVERSION = YES;
				CLANG_WARN_OBJC_ROOT_CLASS = YES_ERROR;
				CLANG_WARN_RANGE_LOOP_ANALYSIS = YES;
				CLANG_WARN_STRICT_PROTOTYPES = YES;
				CLANG_WARN_SUSPICIOUS_MOVE = YES;
				CLANG_WARN_UNGUARDED_AVAILABILITY = YES_AGGRESSIVE;
				CLANG_WARN_UNREACHABLE_CODE = YES;
				CLANG_WARN__DUPLICATE_METHOD_MATCH = YES;
				CODE_SIGN_IDENTITY = "iPhone Developer";
				COPY_PHASE_STRIP = NO;
				DEBUG_INFORMATION_FORMAT = "dwarf-with-dsym";
				ENABLE_NS_ASSERTIONS = NO;
				ENABLE_STRICT_OBJC_MSGSEND = YES;
				GCC_C_LANGUAGE_STANDARD = gnu11;
				GCC_NO_COMMON_BLOCKS = YES;
				GCC_WARN_64_TO_32_BIT_CONVERSION = YES;
				GCC_WARN_ABOUT_RETURN_TYPE = YES_ERROR;
				GCC_WARN_UNDECLARED_SELECTOR = YES;
				GCC_WARN_UNINITIALIZED_AUTOS = YES_AGGRESSIVE;
				GCC_WARN_UNUSED_FUNCTION = YES;
				GCC_WARN_UNUSED_VARIABLE = YES;
				IPHONEOS_DEPLOYMENT_TARGET = 12.1;
				MTL_ENABLE_DEBUG_INFO = NO;
				MTL_FAST_MATH = YES;
				SDKROOT = iphoneos;
				SWIFT_COMPILATION_MODE = wholemodule;
				SWIFT_OPTIMIZATION_LEVEL = "-O";
				VALIDATE_PRODUCT = YES;
			};
			name = Release;
		};
		9B3C9E41220081A500AE4C23 /* Debug */ = {
			isa = XCBuildConfiguration;
			baseConfigurationReference = 304DDC297A5614A8EC5F43BA /* Pods-ABProject.debug.xcconfig */;
			buildSettings = {
				ASSETCATALOG_COMPILER_APPICON_NAME = AppIcon;
				CODE_SIGN_STYLE = Automatic;
				DEVELOPMENT_TEAM = 5M2X2PH6A7;
				INFOPLIST_FILE = ABProject/Info.plist;
				LD_RUNPATH_SEARCH_PATHS = (
					"$(inherited)",
					"@executable_path/Frameworks",
				);
				PRODUCT_BUNDLE_IDENTIFIER = "com.ipinguin-linuxoid.ABProject";
				PRODUCT_NAME = "$(TARGET_NAME)";
				SWIFT_VERSION = 4.2;
				TARGETED_DEVICE_FAMILY = "1,2";
			};
			name = Debug;
		};
		9B3C9E42220081A500AE4C23 /* Release */ = {
			isa = XCBuildConfiguration;
			baseConfigurationReference = 075717C7F5021F4293E864EE /* Pods-ABProject.release.xcconfig */;
			buildSettings = {
				ASSETCATALOG_COMPILER_APPICON_NAME = AppIcon;
				CODE_SIGN_STYLE = Automatic;
				DEVELOPMENT_TEAM = 5M2X2PH6A7;
				INFOPLIST_FILE = ABProject/Info.plist;
				LD_RUNPATH_SEARCH_PATHS = (
					"$(inherited)",
					"@executable_path/Frameworks",
				);
				PRODUCT_BUNDLE_IDENTIFIER = "com.ipinguin-linuxoid.ABProject";
				PRODUCT_NAME = "$(TARGET_NAME)";
				SWIFT_VERSION = 4.2;
				TARGETED_DEVICE_FAMILY = "1,2";
			};
			name = Release;
		};
/* End XCBuildConfiguration section */

/* Begin XCConfigurationList section */
		9B3C9E29220081A300AE4C23 /* Build configuration list for PBXProject "ABProject" */ = {
			isa = XCConfigurationList;
			buildConfigurations = (
				9B3C9E3E220081A500AE4C23 /* Debug */,
				9B3C9E3F220081A500AE4C23 /* Release */,
			);
			defaultConfigurationIsVisible = 0;
			defaultConfigurationName = Release;
		};
		9B3C9E40220081A500AE4C23 /* Build configuration list for PBXNativeTarget "ABProject" */ = {
			isa = XCConfigurationList;
			buildConfigurations = (
				9B3C9E41220081A500AE4C23 /* Debug */,
				9B3C9E42220081A500AE4C23 /* Release */,
			);
			defaultConfigurationIsVisible = 0;
			defaultConfigurationName = Release;
		};
/* End XCConfigurationList section */
	};
	rootObject = 9B3C9E26220081A300AE4C23 /* Project object */;
}
